
Microsoft Visual Studio Solution File, Format Version 12.00
# Visual Studio Version 16
VisualStudioVersion = 16.0.29905.134
MinimumVisualStudioVersion = 10.0.40219.1
Project("{8BC9CEB8-8B4A-11D0-8D11-00A0C91BC942}") = "winkernelStudy", "winkernelStudy.vcxproj", "{24A0FAC0-942A-44BA-B64D-4EA8408C10AB}"
EndProject
Project("{8BC9CEB8-8B4A-11D0-8D11-00A0C91BC942}") = "singleton_3_1", "..\singleton_3_1\singleton_3_1.vcxproj", "{28C586B1-96FC-4106-9EBA-BFC809685D74}"
EndProject
Project("{8BC9CEB8-8B4A-11D0-8D11-00A0C91BC942}") = "dumpModule_4_1", "..\dumpModule_4_1\dumpModule_4_1.vcxproj", "{8A7B469C-6EB5-4BA8-9B34-97E3B1D2F071}"
EndProject
Project("{8BC9CEB8-8B4A-11D0-8D11-00A0C91BC942}") = "commandlineToArgvW4_1_3", "..\commandlineToArgvW\commandlineToArgvW.vcxproj", "{9796DF35-7533-4338-8BB2-6BC1CE8DAF1D}"
EndProject
Project("{8BC9CEB8-8B4A-11D0-8D11-00A0C91BC942}") = "DumpEnvStrings", "..\DumpEnvStrings\DumpEnvStrings.vcxproj", "{4F2F522A-A824-4D58-AE42-70BF2D97E22C}"
EndProject
Project("{8BC9CEB8-8B4A-11D0-8D11-00A0C91BC942}") = "4_2CreateProcess", "..\4_2CreateProcess\4_2CreateProcess.vcxproj", "{E7343950-D781-4115-8BCD-2E3E92600185}"
EndProject
Project("{8BC9CEB8-8B4A-11D0-8D11-00A0C91BC942}") = "4_2_6ProcThreadAttributeList", "..\4_2_6ProcThreadAttributeList\4_2_6ProcThreadAttributeList.vcxproj", "{D0025B3A-EA52-45F3-8A50-977CEC4F0FB1}"
EndProject
Project("{8BC9CEB8-8B4A-11D0-8D11-00A0C91BC942}") = "4_3_2ExitProcess", "4_3_2ExitProcess\4_3_2ExitProcess.vcxproj", "{B95984BA-EBC1-4FA4-9D9F-B16375A80A11}"
EndProject
Project("{8BC9CEB8-8B4A-11D0-8D11-00A0C91BC942}") = "4_5_2ShellExecuteEx", "..\4_5_2ShellExecuteEx\4_5_2ShellExecuteEx.vcxproj", "{CA808052-163A-4612-B64D-6C97DCC47943}"
EndProject
Project("{8BC9CEB8-8B4A-11D0-8D11-00A0C91BC942}") = "4_5_5ProcessInformation", "4_5_5ProcessInformation\4_5_5ProcessInformation.vcxproj", "{9A573704-73F2-4ABC-A04D-0570BC7676EA}"
EndProject
Project("{8BC9CEB8-8B4A-11D0-8D11-00A0C91BC942}") = "5.1startRestrictedProcess", "..\5.1startRestrictedProcess\5.1startRestrictedProcess.vcxproj", "{C9BE0552-DF53-4189-BE0B-A7F92F1204C1}"
EndProject
Project("{8BC9CEB8-8B4A-11D0-8D11-00A0C91BC942}") = "6.3threadFunc", "..\6.3threadFunc\6.3threadFunc.vcxproj", "{44529A45-4D35-4811-818D-F1678B78E4D3}"
EndProject
Project("{8BC9CEB8-8B4A-11D0-8D11-00A0C91BC942}") = "7.2suspendProcess", "..\7.2suspendProcess\7.2suspendProcess.vcxproj", "{F468FD9F-4FB9-41A7-8220-908D14F3D93C}"
EndProject
Project("{8BC9CEB8-8B4A-11D0-8D11-00A0C91BC942}") = "7.5performLongOper", "7.5performLongOper\7.5performLongOper.vcxproj", "{E1D45206-B481-4ADA-9BB5-8C16B3DBB594}"
EndProject
Project("{8BC9CEB8-8B4A-11D0-8D11-00A0C91BC942}") = "6.8ids", "6.8ids\6.8ids.vcxproj", "{56AA5D33-EC8A-4F35-B53B-4FE5EA1AE4A1}"
EndProject
Project("{8BC9CEB8-8B4A-11D0-8D11-00A0C91BC942}") = "7.6上下文环境切换", "..\7.6上下文环境切换\7.6上下文环境切换.vcxproj", "{4E26A762-E4BB-4974-97EF-ADA3C321724E}"
EndProject
Project("{8BC9CEB8-8B4A-11D0-8D11-00A0C91BC942}") = "7.9编程优先级", "..\7.9编程优先级\7.9编程优先级.vcxproj", "{99234E41-3D2C-4D5F-A7B1-8E05AD9C7012}"
EndProject
Project("{8BC9CEB8-8B4A-11D0-8D11-00A0C91BC942}") = "7.10亲缘性", "..\7.10亲缘性\7.10亲缘性.vcxproj", "{C3B9E1A8-650C-4B65-987F-194C8D2F7FC4}"
EndProject
Project("{8BC9CEB8-8B4A-11D0-8D11-00A0C91BC942}") = "8.1原子访问互锁", "..\8.1原子访问互锁\8.1原子访问互锁.vcxproj", "{9959519C-7C65-4122-8A9E-CFF6E94D1F6A}"
EndProject
Project("{8BC9CEB8-8B4A-11D0-8D11-00A0C91BC942}") = "8.2高速缓存行", "..\8.2高速缓存行\8.2高速缓存行.vcxproj", "{F42B9463-0C59-44B0-AE05-E7D6D028C62D}"
EndProject
Project("{8BC9CEB8-8B4A-11D0-8D11-00A0C91BC942}") = "8.4.0临界区", "..\8.4.0临界区\8.4.0临界区.vcxproj", "{111D3E1F-2C72-40F0-8B15-2979787EFC44}"
EndProject
Project("{8BC9CEB8-8B4A-11D0-8D11-00A0C91BC942}") = "8.4.2关键代码段与循环锁", "..\8.4.2关键代码段与循环锁\8.4.2关键代码段与循环锁.vcxproj", "{682E6063-AB43-4298-8AE9-A8C2CE1A8688}"
EndProject
Project("{8BC9CEB8-8B4A-11D0-8D11-00A0C91BC942}") = "9.3事件内核对象", "..\9.3事件内核对象\9.3事件内核对象.vcxproj", "{AFB4FDBC-E5D1-4C83-9C93-C6FFFFBD5A0D}"
EndProject
Global
	GlobalSection(SolutionConfigurationPlatforms) = preSolution
		Debug|Win32 = Debug|Win32
		Debug|x64 = Debug|x64
		Release|Win32 = Release|Win32
		Release|x64 = Release|x64
	EndGlobalSection
	GlobalSection(ProjectConfigurationPlatforms) = postSolution
		{24A0FAC0-942A-44BA-B64D-4EA8408C10AB}.Debug|Win32.ActiveCfg = Debug|Win32
		{24A0FAC0-942A-44BA-B64D-4EA8408C10AB}.Debug|Win32.Build.0 = Debug|Win32
		{24A0FAC0-942A-44BA-B64D-4EA8408C10AB}.Debug|x64.ActiveCfg = Debug|Win32
		{24A0FAC0-942A-44BA-B64D-4EA8408C10AB}.Release|Win32.ActiveCfg = Release|Win32
		{24A0FAC0-942A-44BA-B64D-4EA8408C10AB}.Release|Win32.Build.0 = Release|Win32
		{24A0FAC0-942A-44BA-B64D-4EA8408C10AB}.Release|x64.ActiveCfg = Release|Win32
		{28C586B1-96FC-4106-9EBA-BFC809685D74}.Debug|Win32.ActiveCfg = Debug|Win32
		{28C586B1-96FC-4106-9EBA-BFC809685D74}.Debug|Win32.Build.0 = Debug|Win32
		{28C586B1-96FC-4106-9EBA-BFC809685D74}.Debug|x64.ActiveCfg = Debug|Win32
		{28C586B1-96FC-4106-9EBA-BFC809685D74}.Release|Win32.ActiveCfg = Release|Win32
		{28C586B1-96FC-4106-9EBA-BFC809685D74}.Release|Win32.Build.0 = Release|Win32
		{28C586B1-96FC-4106-9EBA-BFC809685D74}.Release|x64.ActiveCfg = Release|Win32
		{8A7B469C-6EB5-4BA8-9B34-97E3B1D2F071}.Debug|Win32.ActiveCfg = Debug|Win32
		{8A7B469C-6EB5-4BA8-9B34-97E3B1D2F071}.Debug|Win32.Build.0 = Debug|Win32
		{8A7B469C-6EB5-4BA8-9B34-97E3B1D2F071}.Debug|x64.ActiveCfg = Debug|Win32
		{8A7B469C-6EB5-4BA8-9B34-97E3B1D2F071}.Release|Win32.ActiveCfg = Release|Win32
		{8A7B469C-6EB5-4BA8-9B34-97E3B1D2F071}.Release|Win32.Build.0 = Release|Win32
		{8A7B469C-6EB5-4BA8-9B34-97E3B1D2F071}.Release|x64.ActiveCfg = Release|Win32
		{9796DF35-7533-4338-8BB2-6BC1CE8DAF1D}.Debug|Win32.ActiveCfg = Debug|Win32
		{9796DF35-7533-4338-8BB2-6BC1CE8DAF1D}.Debug|Win32.Build.0 = Debug|Win32
		{9796DF35-7533-4338-8BB2-6BC1CE8DAF1D}.Debug|x64.ActiveCfg = Debug|Win32
		{9796DF35-7533-4338-8BB2-6BC1CE8DAF1D}.Release|Win32.ActiveCfg = Release|Win32
		{9796DF35-7533-4338-8BB2-6BC1CE8DAF1D}.Release|Win32.Build.0 = Release|Win32
		{9796DF35-7533-4338-8BB2-6BC1CE8DAF1D}.Release|x64.ActiveCfg = Release|Win32
		{4F2F522A-A824-4D58-AE42-70BF2D97E22C}.Debug|Win32.ActiveCfg = Debug|Win32
		{4F2F522A-A824-4D58-AE42-70BF2D97E22C}.Debug|Win32.Build.0 = Debug|Win32
		{4F2F522A-A824-4D58-AE42-70BF2D97E22C}.Debug|x64.ActiveCfg = Debug|Win32
		{4F2F522A-A824-4D58-AE42-70BF2D97E22C}.Release|Win32.ActiveCfg = Release|Win32
		{4F2F522A-A824-4D58-AE42-70BF2D97E22C}.Release|Win32.Build.0 = Release|Win32
		{4F2F522A-A824-4D58-AE42-70BF2D97E22C}.Release|x64.ActiveCfg = Release|Win32
		{E7343950-D781-4115-8BCD-2E3E92600185}.Debug|Win32.ActiveCfg = Debug|Win32
		{E7343950-D781-4115-8BCD-2E3E92600185}.Debug|Win32.Build.0 = Debug|Win32
		{E7343950-D781-4115-8BCD-2E3E92600185}.Debug|x64.ActiveCfg = Debug|x64
		{E7343950-D781-4115-8BCD-2E3E92600185}.Debug|x64.Build.0 = Debug|x64
		{E7343950-D781-4115-8BCD-2E3E92600185}.Release|Win32.ActiveCfg = Release|Win32
		{E7343950-D781-4115-8BCD-2E3E92600185}.Release|Win32.Build.0 = Release|Win32
		{E7343950-D781-4115-8BCD-2E3E92600185}.Release|x64.ActiveCfg = Release|x64
		{E7343950-D781-4115-8BCD-2E3E92600185}.Release|x64.Build.0 = Release|x64
		{D0025B3A-EA52-45F3-8A50-977CEC4F0FB1}.Debug|Win32.ActiveCfg = Debug|Win32
		{D0025B3A-EA52-45F3-8A50-977CEC4F0FB1}.Debug|Win32.Build.0 = Debug|Win32
		{D0025B3A-EA52-45F3-8A50-977CEC4F0FB1}.Debug|x64.ActiveCfg = Debug|x64
		{D0025B3A-EA52-45F3-8A50-977CEC4F0FB1}.Debug|x64.Build.0 = Debug|x64
		{D0025B3A-EA52-45F3-8A50-977CEC4F0FB1}.Release|Win32.ActiveCfg = Release|Win32
		{D0025B3A-EA52-45F3-8A50-977CEC4F0FB1}.Release|Win32.Build.0 = Release|Win32
		{D0025B3A-EA52-45F3-8A50-977CEC4F0FB1}.Release|x64.ActiveCfg = Release|x64
		{D0025B3A-EA52-45F3-8A50-977CEC4F0FB1}.Release|x64.Build.0 = Release|x64
		{B95984BA-EBC1-4FA4-9D9F-B16375A80A11}.Debug|Win32.ActiveCfg = Debug|Win32
		{B95984BA-EBC1-4FA4-9D9F-B16375A80A11}.Debug|Win32.Build.0 = Debug|Win32
		{B95984BA-EBC1-4FA4-9D9F-B16375A80A11}.Debug|x64.ActiveCfg = Debug|x64
		{B95984BA-EBC1-4FA4-9D9F-B16375A80A11}.Debug|x64.Build.0 = Debug|x64
		{B95984BA-EBC1-4FA4-9D9F-B16375A80A11}.Release|Win32.ActiveCfg = Release|Win32
		{B95984BA-EBC1-4FA4-9D9F-B16375A80A11}.Release|Win32.Build.0 = Release|Win32
		{B95984BA-EBC1-4FA4-9D9F-B16375A80A11}.Release|x64.ActiveCfg = Release|x64
		{B95984BA-EBC1-4FA4-9D9F-B16375A80A11}.Release|x64.Build.0 = Release|x64
		{CA808052-163A-4612-B64D-6C97DCC47943}.Debug|Win32.ActiveCfg = Debug|Win32
		{CA808052-163A-4612-B64D-6C97DCC47943}.Debug|Win32.Build.0 = Debug|Win32
		{CA808052-163A-4612-B64D-6C97DCC47943}.Debug|x64.ActiveCfg = Debug|x64
		{CA808052-163A-4612-B64D-6C97DCC47943}.Debug|x64.Build.0 = Debug|x64
		{CA808052-163A-4612-B64D-6C97DCC47943}.Release|Win32.ActiveCfg = Release|Win32
		{CA808052-163A-4612-B64D-6C97DCC47943}.Release|Win32.Build.0 = Release|Win32
		{CA808052-163A-4612-B64D-6C97DCC47943}.Release|x64.ActiveCfg = Release|x64
		{CA808052-163A-4612-B64D-6C97DCC47943}.Release|x64.Build.0 = Release|x64
		{9A573704-73F2-4ABC-A04D-0570BC7676EA}.Debug|Win32.ActiveCfg = Debug|Win32
		{9A573704-73F2-4ABC-A04D-0570BC7676EA}.Debug|Win32.Build.0 = Debug|Win32
		{9A573704-73F2-4ABC-A04D-0570BC7676EA}.Debug|x64.ActiveCfg = Debug|x64
		{9A573704-73F2-4ABC-A04D-0570BC7676EA}.Debug|x64.Build.0 = Debug|x64
		{9A573704-73F2-4ABC-A04D-0570BC7676EA}.Release|Win32.ActiveCfg = Release|Win32
		{9A573704-73F2-4ABC-A04D-0570BC7676EA}.Release|Win32.Build.0 = Release|Win32
		{9A573704-73F2-4ABC-A04D-0570BC7676EA}.Release|x64.ActiveCfg = Release|x64
		{9A573704-73F2-4ABC-A04D-0570BC7676EA}.Release|x64.Build.0 = Release|x64
		{C9BE0552-DF53-4189-BE0B-A7F92F1204C1}.Debug|Win32.ActiveCfg = Debug|Win32
		{C9BE0552-DF53-4189-BE0B-A7F92F1204C1}.Debug|Win32.Build.0 = Debug|Win32
		{C9BE0552-DF53-4189-BE0B-A7F92F1204C1}.Debug|x64.ActiveCfg = Debug|x64
		{C9BE0552-DF53-4189-BE0B-A7F92F1204C1}.Debug|x64.Build.0 = Debug|x64
		{C9BE0552-DF53-4189-BE0B-A7F92F1204C1}.Release|Win32.ActiveCfg = Release|Win32
		{C9BE0552-DF53-4189-BE0B-A7F92F1204C1}.Release|Win32.Build.0 = Release|Win32
		{C9BE0552-DF53-4189-BE0B-A7F92F1204C1}.Release|x64.ActiveCfg = Release|x64
		{C9BE0552-DF53-4189-BE0B-A7F92F1204C1}.Release|x64.Build.0 = Release|x64
		{44529A45-4D35-4811-818D-F1678B78E4D3}.Debug|Win32.ActiveCfg = Debug|Win32
		{44529A45-4D35-4811-818D-F1678B78E4D3}.Debug|Win32.Build.0 = Debug|Win32
		{44529A45-4D35-4811-818D-F1678B78E4D3}.Debug|x64.ActiveCfg = Debug|x64
		{44529A45-4D35-4811-818D-F1678B78E4D3}.Debug|x64.Build.0 = Debug|x64
		{44529A45-4D35-4811-818D-F1678B78E4D3}.Release|Win32.ActiveCfg = Release|Win32
		{44529A45-4D35-4811-818D-F1678B78E4D3}.Release|Win32.Build.0 = Release|Win32
		{44529A45-4D35-4811-818D-F1678B78E4D3}.Release|x64.ActiveCfg = Release|x64
		{44529A45-4D35-4811-818D-F1678B78E4D3}.Release|x64.Build.0 = Release|x64
		{F468FD9F-4FB9-41A7-8220-908D14F3D93C}.Debug|Win32.ActiveCfg = Debug|Win32
		{F468FD9F-4FB9-41A7-8220-908D14F3D93C}.Debug|Win32.Build.0 = Debug|Win32
		{F468FD9F-4FB9-41A7-8220-908D14F3D93C}.Debug|x64.ActiveCfg = Debug|x64
		{F468FD9F-4FB9-41A7-8220-908D14F3D93C}.Debug|x64.Build.0 = Debug|x64
		{F468FD9F-4FB9-41A7-8220-908D14F3D93C}.Release|Win32.ActiveCfg = Release|Win32
		{F468FD9F-4FB9-41A7-8220-908D14F3D93C}.Release|Win32.Build.0 = Release|Win32
		{F468FD9F-4FB9-41A7-8220-908D14F3D93C}.Release|x64.ActiveCfg = Release|x64
		{F468FD9F-4FB9-41A7-8220-908D14F3D93C}.Release|x64.Build.0 = Release|x64
		{E1D45206-B481-4ADA-9BB5-8C16B3DBB594}.Debug|Win32.ActiveCfg = Debug|Win32
		{E1D45206-B481-4ADA-9BB5-8C16B3DBB594}.Debug|Win32.Build.0 = Debug|Win32
		{E1D45206-B481-4ADA-9BB5-8C16B3DBB594}.Debug|x64.ActiveCfg = Debug|x64
		{E1D45206-B481-4ADA-9BB5-8C16B3DBB594}.Debug|x64.Build.0 = Debug|x64
		{E1D45206-B481-4ADA-9BB5-8C16B3DBB594}.Release|Win32.ActiveCfg = Release|Win32
		{E1D45206-B481-4ADA-9BB5-8C16B3DBB594}.Release|Win32.Build.0 = Release|Win32
		{E1D45206-B481-4ADA-9BB5-8C16B3DBB594}.Release|x64.ActiveCfg = Release|x64
		{E1D45206-B481-4ADA-9BB5-8C16B3DBB594}.Release|x64.Build.0 = Release|x64
		{56AA5D33-EC8A-4F35-B53B-4FE5EA1AE4A1}.Debug|Win32.ActiveCfg = Debug|Win32
		{56AA5D33-EC8A-4F35-B53B-4FE5EA1AE4A1}.Debug|Win32.Build.0 = Debug|Win32
		{56AA5D33-EC8A-4F35-B53B-4FE5EA1AE4A1}.Debug|x64.ActiveCfg = Debug|x64
		{56AA5D33-EC8A-4F35-B53B-4FE5EA1AE4A1}.Debug|x64.Build.0 = Debug|x64
		{56AA5D33-EC8A-4F35-B53B-4FE5EA1AE4A1}.Release|Win32.ActiveCfg = Release|Win32
		{56AA5D33-EC8A-4F35-B53B-4FE5EA1AE4A1}.Release|Win32.Build.0 = Release|Win32
		{56AA5D33-EC8A-4F35-B53B-4FE5EA1AE4A1}.Release|x64.ActiveCfg = Release|x64
		{56AA5D33-EC8A-4F35-B53B-4FE5EA1AE4A1}.Release|x64.Build.0 = Release|x64
		{4E26A762-E4BB-4974-97EF-ADA3C321724E}.Debug|Win32.ActiveCfg = Debug|Win32
		{4E26A762-E4BB-4974-97EF-ADA3C321724E}.Debug|Win32.Build.0 = Debug|Win32
		{4E26A762-E4BB-4974-97EF-ADA3C321724E}.Debug|x64.ActiveCfg = Debug|x64
		{4E26A762-E4BB-4974-97EF-ADA3C321724E}.Debug|x64.Build.0 = Debug|x64
		{4E26A762-E4BB-4974-97EF-ADA3C321724E}.Release|Win32.ActiveCfg = Release|Win32
		{4E26A762-E4BB-4974-97EF-ADA3C321724E}.Release|Win32.Build.0 = Release|Win32
		{4E26A762-E4BB-4974-97EF-ADA3C321724E}.Release|x64.ActiveCfg = Release|x64
		{4E26A762-E4BB-4974-97EF-ADA3C321724E}.Release|x64.Build.0 = Release|x64
		{99234E41-3D2C-4D5F-A7B1-8E05AD9C7012}.Debug|Win32.ActiveCfg = Debug|Win32
		{99234E41-3D2C-4D5F-A7B1-8E05AD9C7012}.Debug|Win32.Build.0 = Debug|Win32
		{99234E41-3D2C-4D5F-A7B1-8E05AD9C7012}.Debug|x64.ActiveCfg = Debug|x64
		{99234E41-3D2C-4D5F-A7B1-8E05AD9C7012}.Debug|x64.Build.0 = Debug|x64
		{99234E41-3D2C-4D5F-A7B1-8E05AD9C7012}.Release|Win32.ActiveCfg = Release|Win32
		{99234E41-3D2C-4D5F-A7B1-8E05AD9C7012}.Release|Win32.Build.0 = Release|Win32
		{99234E41-3D2C-4D5F-A7B1-8E05AD9C7012}.Release|x64.ActiveCfg = Release|x64
		{99234E41-3D2C-4D5F-A7B1-8E05AD9C7012}.Release|x64.Build.0 = Release|x64
		{C3B9E1A8-650C-4B65-987F-194C8D2F7FC4}.Debug|Win32.ActiveCfg = Debug|Win32
		{C3B9E1A8-650C-4B65-987F-194C8D2F7FC4}.Debug|Win32.Build.0 = Debug|Win32
		{C3B9E1A8-650C-4B65-987F-194C8D2F7FC4}.Debug|x64.ActiveCfg = Debug|x64
		{C3B9E1A8-650C-4B65-987F-194C8D2F7FC4}.Debug|x64.Build.0 = Debug|x64
		{C3B9E1A8-650C-4B65-987F-194C8D2F7FC4}.Release|Win32.ActiveCfg = Release|Win32
		{C3B9E1A8-650C-4B65-987F-194C8D2F7FC4}.Release|Win32.Build.0 = Release|Win32
		{C3B9E1A8-650C-4B65-987F-194C8D2F7FC4}.Release|x64.ActiveCfg = Release|x64
		{C3B9E1A8-650C-4B65-987F-194C8D2F7FC4}.Release|x64.Build.0 = Release|x64
		{9959519C-7C65-4122-8A9E-CFF6E94D1F6A}.Debug|Win32.ActiveCfg = Debug|Win32
		{9959519C-7C65-4122-8A9E-CFF6E94D1F6A}.Debug|Win32.Build.0 = Debug|Win32
		{9959519C-7C65-4122-8A9E-CFF6E94D1F6A}.Debug|x64.ActiveCfg = Debug|x64
		{9959519C-7C65-4122-8A9E-CFF6E94D1F6A}.Debug|x64.Build.0 = Debug|x64
		{9959519C-7C65-4122-8A9E-CFF6E94D1F6A}.Release|Win32.ActiveCfg = Release|Win32
		{9959519C-7C65-4122-8A9E-CFF6E94D1F6A}.Release|Win32.Build.0 = Release|Win32
		{9959519C-7C65-4122-8A9E-CFF6E94D1F6A}.Release|x64.ActiveCfg = Release|x64
		{9959519C-7C65-4122-8A9E-CFF6E94D1F6A}.Release|x64.Build.0 = Release|x64
		{F42B9463-0C59-44B0-AE05-E7D6D028C62D}.Debug|Win32.ActiveCfg = Debug|Win32
		{F42B9463-0C59-44B0-AE05-E7D6D028C62D}.Debug|Win32.Build.0 = Debug|Win32
		{F42B9463-0C59-44B0-AE05-E7D6D028C62D}.Debug|x64.ActiveCfg = Debug|x64
		{F42B9463-0C59-44B0-AE05-E7D6D028C62D}.Debug|x64.Build.0 = Debug|x64
		{F42B9463-0C59-44B0-AE05-E7D6D028C62D}.Release|Win32.ActiveCfg = Release|Win32
		{F42B9463-0C59-44B0-AE05-E7D6D028C62D}.Release|Win32.Build.0 = Release|Win32
		{F42B9463-0C59-44B0-AE05-E7D6D028C62D}.Release|x64.ActiveCfg = Release|x64
		{F42B9463-0C59-44B0-AE05-E7D6D028C62D}.Release|x64.Build.0 = Release|x64
		{111D3E1F-2C72-40F0-8B15-2979787EFC44}.Debug|Win32.ActiveCfg = Debug|Win32
		{111D3E1F-2C72-40F0-8B15-2979787EFC44}.Debug|Win32.Build.0 = Debug|Win32
		{111D3E1F-2C72-40F0-8B15-2979787EFC44}.Debug|x64.ActiveCfg = Debug|x64
		{111D3E1F-2C72-40F0-8B15-2979787EFC44}.Debug|x64.Build.0 = Debug|x64
		{111D3E1F-2C72-40F0-8B15-2979787EFC44}.Release|Win32.ActiveCfg = Release|Win32
		{111D3E1F-2C72-40F0-8B15-2979787EFC44}.Release|Win32.Build.0 = Release|Win32
		{111D3E1F-2C72-40F0-8B15-2979787EFC44}.Release|x64.ActiveCfg = Release|x64
		{111D3E1F-2C72-40F0-8B15-2979787EFC44}.Release|x64.Build.0 = Release|x64
		{682E6063-AB43-4298-8AE9-A8C2CE1A8688}.Debug|Win32.ActiveCfg = Debug|Win32
		{682E6063-AB43-4298-8AE9-A8C2CE1A8688}.Debug|Win32.Build.0 = Debug|Win32
		{682E6063-AB43-4298-8AE9-A8C2CE1A8688}.Debug|x64.ActiveCfg = Debug|x64
		{682E6063-AB43-4298-8AE9-A8C2CE1A8688}.Debug|x64.Build.0 = Debug|x64
		{682E6063-AB43-4298-8AE9-A8C2CE1A8688}.Release|Win32.ActiveCfg = Release|Win32
		{682E6063-AB43-4298-8AE9-A8C2CE1A8688}.Release|Win32.Build.0 = Release|Win32
		{682E6063-AB43-4298-8AE9-A8C2CE1A8688}.Release|x64.ActiveCfg = Release|x64
		{682E6063-AB43-4298-8AE9-A8C2CE1A8688}.Release|x64.Build.0 = Release|x64
		{AFB4FDBC-E5D1-4C83-9C93-C6FFFFBD5A0D}.Debug|Win32.ActiveCfg = Debug|Win32
		{AFB4FDBC-E5D1-4C83-9C93-C6FFFFBD5A0D}.Debug|Win32.Build.0 = Debug|Win32
		{AFB4FDBC-E5D1-4C83-9C93-C6FFFFBD5A0D}.Debug|x64.ActiveCfg = Debug|x64
		{AFB4FDBC-E5D1-4C83-9C93-C6FFFFBD5A0D}.Debug|x64.Build.0 = Debug|x64
		{AFB4FDBC-E5D1-4C83-9C93-C6FFFFBD5A0D}.Release|Win32.ActiveCfg = Release|Win32
		{AFB4FDBC-E5D1-4C83-9C93-C6FFFFBD5A0D}.Release|Win32.Build.0 = Release|Win32
		{AFB4FDBC-E5D1-4C83-9C93-C6FFFFBD5A0D}.Release|x64.ActiveCfg = Release|x64
		{AFB4FDBC-E5D1-4C83-9C93-C6FFFFBD5A0D}.Release|x64.Build.0 = Release|x64
	EndGlobalSection
	GlobalSection(SolutionProperties) = preSolution
		HideSolutionNode = FALSE
	EndGlobalSection
	GlobalSection(ExtensibilityGlobals) = postSolution
		SolutionGuid = {322FE0F8-64BB-40B6-AAC2-A82DA0AB6531}
	EndGlobalSection
EndGlobal
