
Microsoft Visual Studio Solution File, Format Version 12.00
# Visual Studio 2013
VisualStudioVersion = 12.0.21005.1
MinimumVisualStudioVersion = 10.0.40219.1
Project("{8BC9CEB8-8B4A-11D0-8D11-00A0C91BC942}") = "winkernelStudy", "winkernelStudy.vcxproj", "{24A0FAC0-942A-44BA-B64D-4EA8408C10AB}"
EndProject
Project("{8BC9CEB8-8B4A-11D0-8D11-00A0C91BC942}") = "singleton_3_1", "..\singleton_3_1\singleton_3_1.vcxproj", "{28C586B1-96FC-4106-9EBA-BFC809685D74}"
EndProject
Project("{8BC9CEB8-8B4A-11D0-8D11-00A0C91BC942}") = "dumpModule_4_1", "dumpModule_4_1\dumpModule_4_1.vcxproj", "{8A7B469C-6EB5-4BA8-9B34-97E3B1D2F071}"
EndProject
Global
	GlobalSection(SolutionConfigurationPlatforms) = preSolution
		Debug|Win32 = Debug|Win32
		Release|Win32 = Release|Win32
	EndGlobalSection
	GlobalSection(ProjectConfigurationPlatforms) = postSolution
		{24A0FAC0-942A-44BA-B64D-4EA8408C10AB}.Debug|Win32.ActiveCfg = Debug|Win32
		{24A0FAC0-942A-44BA-B64D-4EA8408C10AB}.Debug|Win32.Build.0 = Debug|Win32
		{24A0FAC0-942A-44BA-B64D-4EA8408C10AB}.Release|Win32.ActiveCfg = Release|Win32
		{24A0FAC0-942A-44BA-B64D-4EA8408C10AB}.Release|Win32.Build.0 = Release|Win32
		{28C586B1-96FC-4106-9EBA-BFC809685D74}.Debug|Win32.ActiveCfg = Debug|Win32
		{28C586B1-96FC-4106-9EBA-BFC809685D74}.Debug|Win32.Build.0 = Debug|Win32
		{28C586B1-96FC-4106-9EBA-BFC809685D74}.Release|Win32.ActiveCfg = Release|Win32
		{28C586B1-96FC-4106-9EBA-BFC809685D74}.Release|Win32.Build.0 = Release|Win32
		{8A7B469C-6EB5-4BA8-9B34-97E3B1D2F071}.Debug|Win32.ActiveCfg = Debug|Win32
		{8A7B469C-6EB5-4BA8-9B34-97E3B1D2F071}.Debug|Win32.Build.0 = Debug|Win32
		{8A7B469C-6EB5-4BA8-9B34-97E3B1D2F071}.Release|Win32.ActiveCfg = Release|Win32
		{8A7B469C-6EB5-4BA8-9B34-97E3B1D2F071}.Release|Win32.Build.0 = Release|Win32
	EndGlobalSection
	GlobalSection(SolutionProperties) = preSolution
		HideSolutionNode = FALSE
	EndGlobalSection
EndGlobal
